
Microsoft Visual Studio Solution File, Format Version 12.00
# Visual Studio Version 17
VisualStudioVersion = 17.10.35027.167
MinimumVisualStudioVersion = 10.0.40219.1
Project("{FAE04EC0-301F-11D3-BF4B-00C04F79EFBC}") = "Front-Barbearia", "Front-Barbearia\Front-Barbearia.csproj", "{E0DAA1E3-18F7-4F74-A79F-75365FAC5B92}"
EndProject
Global
	GlobalSection(SolutionConfigurationPlatforms) = preSolution
		Debug|Any CPU = Debug|Any CPU
		Release|Any CPU = Release|Any CPU
	EndGlobalSection
	GlobalSection(ProjectConfigurationPlatforms) = postSolution
		{E0DAA1E3-18F7-4F74-A79F-75365FAC5B92}.Debug|Any CPU.ActiveCfg = Debug|Any CPU
		{E0DAA1E3-18F7-4F74-A79F-75365FAC5B92}.Debug|Any CPU.Build.0 = Debug|Any CPU
		{E0DAA1E3-18F7-4F74-A79F-75365FAC5B92}.Release|Any CPU.ActiveCfg = Release|Any CPU
		{E0DAA1E3-18F7-4F74-A79F-75365FAC5B92}.Release|Any CPU.Build.0 = Release|Any CPU
	EndGlobalSection
	GlobalSection(SolutionProperties) = preSolution
		HideSolutionNode = FALSE
	EndGlobalSection
	GlobalSection(ExtensibilityGlobals) = postSolution
		SolutionGuid = {851562E2-B7FE-451E-8AF1-B4286A81924A}
	EndGlobalSection
EndGlobal
