
Microsoft Visual Studio Solution File, Format Version 12.00
# Visual Studio Version 17
VisualStudioVersion = 17.10.35027.167
MinimumVisualStudioVersion = 10.0.40219.1
Project("{FAE04EC0-301F-11D3-BF4B-00C04F79EFBC}") = "front", "front\front.csproj", "{4191EEBB-10EA-409F-B210-C4EAE7347A2B}"
EndProject
Global
	GlobalSection(SolutionConfigurationPlatforms) = preSolution
		Debug|Any CPU = Debug|Any CPU
		Release|Any CPU = Release|Any CPU
	EndGlobalSection
	GlobalSection(ProjectConfigurationPlatforms) = postSolution
		{4191EEBB-10EA-409F-B210-C4EAE7347A2B}.Debug|Any CPU.ActiveCfg = Debug|Any CPU
		{4191EEBB-10EA-409F-B210-C4EAE7347A2B}.Debug|Any CPU.Build.0 = Debug|Any CPU
		{4191EEBB-10EA-409F-B210-C4EAE7347A2B}.Release|Any CPU.ActiveCfg = Release|Any CPU
		{4191EEBB-10EA-409F-B210-C4EAE7347A2B}.Release|Any CPU.Build.0 = Release|Any CPU
	EndGlobalSection
	GlobalSection(SolutionProperties) = preSolution
		HideSolutionNode = FALSE
	EndGlobalSection
	GlobalSection(ExtensibilityGlobals) = postSolution
		SolutionGuid = {69BAFD44-FEBB-430F-BF7E-A4C6D9D7C8E9}
	EndGlobalSection
EndGlobal
